
Microsoft Visual Studio Solution File, Format Version 12.00
Project("{FAE04EC0-301F-11D3-BF4B-00C04F79EFBC}") = "Presentation", "Presentation\Presentation.csproj", "{183E7112-F49B-4993-A4D1-7124EAE4BBA3}"
EndProject
Project("{2150E333-8FDC-42A3-9474-1A3956D46DE8}") = "src", "src", "{E1FFFF3C-092B-4468-8414-6A61DD75673C}"
EndProject
Project("{2150E333-8FDC-42A3-9474-1A3956D46DE8}") = "tests", "tests", "{297B143E-2991-4DEA-B63E-166F8130AAAC}"
EndProject
Global
	GlobalSection(SolutionConfigurationPlatforms) = preSolution
		Debug|Any CPU = Debug|Any CPU
		Release|Any CPU = Release|Any CPU
	EndGlobalSection
	GlobalSection(ProjectConfigurationPlatforms) = postSolution
		{183E7112-F49B-4993-A4D1-7124EAE4BBA3}.Debug|Any CPU.ActiveCfg = Debug|Any CPU
		{183E7112-F49B-4993-A4D1-7124EAE4BBA3}.Debug|Any CPU.Build.0 = Debug|Any CPU
		{183E7112-F49B-4993-A4D1-7124EAE4BBA3}.Release|Any CPU.ActiveCfg = Release|Any CPU
		{183E7112-F49B-4993-A4D1-7124EAE4BBA3}.Release|Any CPU.Build.0 = Release|Any CPU
	EndGlobalSection
	GlobalSection(NestedProjects) = preSolution
		{183E7112-F49B-4993-A4D1-7124EAE4BBA3} = {E1FFFF3C-092B-4468-8414-6A61DD75673C}
	EndGlobalSection
EndGlobal
